
Microsoft Visual Studio Solution File, Format Version 12.00
# Visual Studio Version 16
VisualStudioVersion = 16.0.33027.164
MinimumVisualStudioVersion = 10.0.40219.1
Project("{888888A0-9F3D-457C-B088-3A5042F75D52}") = "TwitchFollowedList", "TwitchFollowedList.pyproj", "{F37888AE-EBA8-4521-A9CF-5F662E2BC7FD}"
EndProject
Global
	GlobalSection(SolutionConfigurationPlatforms) = preSolution
		Debug|Any CPU = Debug|Any CPU
		Release|Any CPU = Release|Any CPU
	EndGlobalSection
	GlobalSection(ProjectConfigurationPlatforms) = postSolution
		{F37888AE-EBA8-4521-A9CF-5F662E2BC7FD}.Debug|Any CPU.ActiveCfg = Debug|Any CPU
		{F37888AE-EBA8-4521-A9CF-5F662E2BC7FD}.Release|Any CPU.ActiveCfg = Release|Any CPU
	EndGlobalSection
	GlobalSection(SolutionProperties) = preSolution
		HideSolutionNode = FALSE
	EndGlobalSection
	GlobalSection(ExtensibilityGlobals) = postSolution
		SolutionGuid = {CBA5FD44-E639-4683-AD02-349DC0098F07}
	EndGlobalSection
EndGlobal
